
Microsoft Visual Studio Solution File, Format Version 12.00
# Visual Studio Version 17
VisualStudioVersion = 17.5.002.0
MinimumVisualStudioVersion = 10.0.40219.1
Project("{9A19103F-16F7-4668-BE54-9A1E7A4F7556}") = "Tests", "Tests.csproj", "{C46E2648-C12B-4F10-8108-63293E65A4E3}"
EndProject
Global
	GlobalSection(SolutionConfigurationPlatforms) = preSolution
		Debug|Any CPU = Debug|Any CPU
		Release|Any CPU = Release|Any CPU
	EndGlobalSection
	GlobalSection(ProjectConfigurationPlatforms) = postSolution
		{C46E2648-C12B-4F10-8108-63293E65A4E3}.Debug|Any CPU.ActiveCfg = Debug|Any CPU
		{C46E2648-C12B-4F10-8108-63293E65A4E3}.Debug|Any CPU.Build.0 = Debug|Any CPU
		{C46E2648-C12B-4F10-8108-63293E65A4E3}.Release|Any CPU.ActiveCfg = Release|Any CPU
		{C46E2648-C12B-4F10-8108-63293E65A4E3}.Release|Any CPU.Build.0 = Release|Any CPU
	EndGlobalSection
	GlobalSection(SolutionProperties) = preSolution
		HideSolutionNode = FALSE
	EndGlobalSection
	GlobalSection(ExtensibilityGlobals) = postSolution
		SolutionGuid = {527537B6-6474-4CAB-9916-5B3665B1B399}
	EndGlobalSection
EndGlobal
